
Microsoft Visual Studio Solution File, Format Version 12.00
# Visual Studio 15
VisualStudioVersion = 15.0.27004.2002
MinimumVisualStudioVersion = 10.0.40219.1
Project("{FAE04EC0-301F-11D3-BF4B-00C04F79EFBC}") = "Memberships", "Memberships\Memberships.csproj", "{7AAF5265-76F9-43E1-BD51-EE3B58964E20}"
EndProject
Global
	GlobalSection(SolutionConfigurationPlatforms) = preSolution
		Debug|Any CPU = Debug|Any CPU
		Release|Any CPU = Release|Any CPU
	EndGlobalSection
	GlobalSection(ProjectConfigurationPlatforms) = postSolution
		{7AAF5265-76F9-43E1-BD51-EE3B58964E20}.Debug|Any CPU.ActiveCfg = Debug|Any CPU
		{7AAF5265-76F9-43E1-BD51-EE3B58964E20}.Debug|Any CPU.Build.0 = Debug|Any CPU
		{7AAF5265-76F9-43E1-BD51-EE3B58964E20}.Release|Any CPU.ActiveCfg = Release|Any CPU
		{7AAF5265-76F9-43E1-BD51-EE3B58964E20}.Release|Any CPU.Build.0 = Release|Any CPU
	EndGlobalSection
	GlobalSection(SolutionProperties) = preSolution
		HideSolutionNode = FALSE
	EndGlobalSection
	GlobalSection(ExtensibilityGlobals) = postSolution
		SolutionGuid = {6C80A712-0B2B-4865-8172-6F03383B975E}
	EndGlobalSection
EndGlobal
